
Microsoft Visual Studio Solution File, Format Version 12.00
# Visual Studio Version 17
VisualStudioVersion = 17.5.2.0
MinimumVisualStudioVersion = 10.0.40219.1
Project("{FAE04EC0-301F-11D3-BF4B-00C04F79EFBC}") = "ApiClientPlayground", "ApiClientPlayground\ApiClientPlayground.csproj", "{B2402A06-6518-496F-BE26-A0A69D7E2586}"
EndProject
Project("{FAE04EC0-301F-11D3-BF4B-00C04F79EFBC}") = "CryptoPlayground", "CryptoPlayground\CryptoPlayground.csproj", "{44CE3FDA-DACF-04F5-2B75-4020181DE9BD}"
EndProject
Project("{FAE04EC0-301F-11D3-BF4B-00C04F79EFBC}") = "CryptoPlaygroundTests", "CryptoPlaygroundTests\CryptoPlaygroundTests.csproj", "{9EFC70AE-5212-4464-BC3C-261FB56149FE}"
EndProject
Project("{FAE04EC0-301F-11D3-BF4B-00C04F79EFBC}") = "LocalApiSandbox", "LocalApiSandbox\LocalApiSandbox.csproj", "{8E45EE32-EC03-4C2F-AF88-4E5075BFC7B1}"
EndProject
Project("{FAE04EC0-301F-11D3-BF4B-00C04F79EFBC}") = "LocalApiSandboxTests", "LocalApiSandboxTests\LocalApiSandboxTests.csproj", "{5C3CFF8D-B267-41A6-949F-104FE683D59D}"
EndProject
Project("{FAE04EC0-301F-11D3-BF4B-00C04F79EFBC}") = "ApiClientPlaygroundTests", "ApiClientPlaygroundTests\ApiClientPlaygroundTests.csproj", "{8580911B-83FC-4F74-94BB-30864248B1DE}"
EndProject
Project("{FAE04EC0-301F-11D3-BF4B-00C04F79EFBC}") = "SecureApiPlayground", "SecureApiPlayground\SecureApiPlayground.csproj", "{522DA1CE-058C-4C48-8328-570B9BF4AE89}"
EndProject
Global
	GlobalSection(SolutionConfigurationPlatforms) = preSolution
		Debug|Any CPU = Debug|Any CPU
		Debug|x64 = Debug|x64
		Debug|x86 = Debug|x86
		Release|Any CPU = Release|Any CPU
		Release|x64 = Release|x64
		Release|x86 = Release|x86
	EndGlobalSection
	GlobalSection(ProjectConfigurationPlatforms) = postSolution
		{B2402A06-6518-496F-BE26-A0A69D7E2586}.Debug|Any CPU.ActiveCfg = Debug|Any CPU
		{B2402A06-6518-496F-BE26-A0A69D7E2586}.Debug|Any CPU.Build.0 = Debug|Any CPU
		{B2402A06-6518-496F-BE26-A0A69D7E2586}.Debug|x64.ActiveCfg = Debug|Any CPU
		{B2402A06-6518-496F-BE26-A0A69D7E2586}.Debug|x64.Build.0 = Debug|Any CPU
		{B2402A06-6518-496F-BE26-A0A69D7E2586}.Debug|x86.ActiveCfg = Debug|Any CPU
		{B2402A06-6518-496F-BE26-A0A69D7E2586}.Debug|x86.Build.0 = Debug|Any CPU
		{B2402A06-6518-496F-BE26-A0A69D7E2586}.Release|Any CPU.ActiveCfg = Release|Any CPU
		{B2402A06-6518-496F-BE26-A0A69D7E2586}.Release|Any CPU.Build.0 = Release|Any CPU
		{B2402A06-6518-496F-BE26-A0A69D7E2586}.Release|x64.ActiveCfg = Release|Any CPU
		{B2402A06-6518-496F-BE26-A0A69D7E2586}.Release|x64.Build.0 = Release|Any CPU
		{B2402A06-6518-496F-BE26-A0A69D7E2586}.Release|x86.ActiveCfg = Release|Any CPU
		{B2402A06-6518-496F-BE26-A0A69D7E2586}.Release|x86.Build.0 = Release|Any CPU
		{44CE3FDA-DACF-04F5-2B75-4020181DE9BD}.Debug|Any CPU.ActiveCfg = Debug|Any CPU
		{44CE3FDA-DACF-04F5-2B75-4020181DE9BD}.Debug|Any CPU.Build.0 = Debug|Any CPU
		{44CE3FDA-DACF-04F5-2B75-4020181DE9BD}.Debug|x64.ActiveCfg = Debug|Any CPU
		{44CE3FDA-DACF-04F5-2B75-4020181DE9BD}.Debug|x64.Build.0 = Debug|Any CPU
		{44CE3FDA-DACF-04F5-2B75-4020181DE9BD}.Debug|x86.ActiveCfg = Debug|Any CPU
		{44CE3FDA-DACF-04F5-2B75-4020181DE9BD}.Debug|x86.Build.0 = Debug|Any CPU
		{44CE3FDA-DACF-04F5-2B75-4020181DE9BD}.Release|Any CPU.ActiveCfg = Release|Any CPU
		{44CE3FDA-DACF-04F5-2B75-4020181DE9BD}.Release|Any CPU.Build.0 = Release|Any CPU
		{44CE3FDA-DACF-04F5-2B75-4020181DE9BD}.Release|x64.ActiveCfg = Release|Any CPU
		{44CE3FDA-DACF-04F5-2B75-4020181DE9BD}.Release|x64.Build.0 = Release|Any CPU
		{44CE3FDA-DACF-04F5-2B75-4020181DE9BD}.Release|x86.ActiveCfg = Release|Any CPU
		{44CE3FDA-DACF-04F5-2B75-4020181DE9BD}.Release|x86.Build.0 = Release|Any CPU
		{9EFC70AE-5212-4464-BC3C-261FB56149FE}.Debug|Any CPU.ActiveCfg = Debug|Any CPU
		{9EFC70AE-5212-4464-BC3C-261FB56149FE}.Debug|Any CPU.Build.0 = Debug|Any CPU
		{9EFC70AE-5212-4464-BC3C-261FB56149FE}.Debug|x64.ActiveCfg = Debug|Any CPU
		{9EFC70AE-5212-4464-BC3C-261FB56149FE}.Debug|x64.Build.0 = Debug|Any CPU
		{9EFC70AE-5212-4464-BC3C-261FB56149FE}.Debug|x86.ActiveCfg = Debug|Any CPU
		{9EFC70AE-5212-4464-BC3C-261FB56149FE}.Debug|x86.Build.0 = Debug|Any CPU
		{9EFC70AE-5212-4464-BC3C-261FB56149FE}.Release|Any CPU.ActiveCfg = Release|Any CPU
		{9EFC70AE-5212-4464-BC3C-261FB56149FE}.Release|Any CPU.Build.0 = Release|Any CPU
		{9EFC70AE-5212-4464-BC3C-261FB56149FE}.Release|x64.ActiveCfg = Release|Any CPU
		{9EFC70AE-5212-4464-BC3C-261FB56149FE}.Release|x64.Build.0 = Release|Any CPU
		{9EFC70AE-5212-4464-BC3C-261FB56149FE}.Release|x86.ActiveCfg = Release|Any CPU
		{9EFC70AE-5212-4464-BC3C-261FB56149FE}.Release|x86.Build.0 = Release|Any CPU
		{8E45EE32-EC03-4C2F-AF88-4E5075BFC7B1}.Debug|Any CPU.ActiveCfg = Debug|Any CPU
		{8E45EE32-EC03-4C2F-AF88-4E5075BFC7B1}.Debug|Any CPU.Build.0 = Debug|Any CPU
		{8E45EE32-EC03-4C2F-AF88-4E5075BFC7B1}.Debug|x64.ActiveCfg = Debug|Any CPU
		{8E45EE32-EC03-4C2F-AF88-4E5075BFC7B1}.Debug|x64.Build.0 = Debug|Any CPU
		{8E45EE32-EC03-4C2F-AF88-4E5075BFC7B1}.Debug|x86.ActiveCfg = Debug|Any CPU
		{8E45EE32-EC03-4C2F-AF88-4E5075BFC7B1}.Debug|x86.Build.0 = Debug|Any CPU
		{8E45EE32-EC03-4C2F-AF88-4E5075BFC7B1}.Release|Any CPU.ActiveCfg = Release|Any CPU
		{8E45EE32-EC03-4C2F-AF88-4E5075BFC7B1}.Release|Any CPU.Build.0 = Release|Any CPU
		{8E45EE32-EC03-4C2F-AF88-4E5075BFC7B1}.Release|x64.ActiveCfg = Release|Any CPU
		{8E45EE32-EC03-4C2F-AF88-4E5075BFC7B1}.Release|x64.Build.0 = Release|Any CPU
		{8E45EE32-EC03-4C2F-AF88-4E5075BFC7B1}.Release|x86.ActiveCfg = Release|Any CPU
		{8E45EE32-EC03-4C2F-AF88-4E5075BFC7B1}.Release|x86.Build.0 = Release|Any CPU
		{5C3CFF8D-B267-41A6-949F-104FE683D59D}.Debug|Any CPU.ActiveCfg = Debug|Any CPU
		{5C3CFF8D-B267-41A6-949F-104FE683D59D}.Debug|Any CPU.Build.0 = Debug|Any CPU
		{5C3CFF8D-B267-41A6-949F-104FE683D59D}.Debug|x64.ActiveCfg = Debug|Any CPU
		{5C3CFF8D-B267-41A6-949F-104FE683D59D}.Debug|x64.Build.0 = Debug|Any CPU
		{5C3CFF8D-B267-41A6-949F-104FE683D59D}.Debug|x86.ActiveCfg = Debug|Any CPU
		{5C3CFF8D-B267-41A6-949F-104FE683D59D}.Debug|x86.Build.0 = Debug|Any CPU
		{5C3CFF8D-B267-41A6-949F-104FE683D59D}.Release|Any CPU.ActiveCfg = Release|Any CPU
		{5C3CFF8D-B267-41A6-949F-104FE683D59D}.Release|Any CPU.Build.0 = Release|Any CPU
		{5C3CFF8D-B267-41A6-949F-104FE683D59D}.Release|x64.ActiveCfg = Release|Any CPU
		{5C3CFF8D-B267-41A6-949F-104FE683D59D}.Release|x64.Build.0 = Release|Any CPU
		{5C3CFF8D-B267-41A6-949F-104FE683D59D}.Release|x86.ActiveCfg = Release|Any CPU
		{5C3CFF8D-B267-41A6-949F-104FE683D59D}.Release|x86.Build.0 = Release|Any CPU
		{8580911B-83FC-4F74-94BB-30864248B1DE}.Debug|Any CPU.ActiveCfg = Debug|Any CPU
		{8580911B-83FC-4F74-94BB-30864248B1DE}.Debug|Any CPU.Build.0 = Debug|Any CPU
		{8580911B-83FC-4F74-94BB-30864248B1DE}.Debug|x64.ActiveCfg = Debug|Any CPU
		{8580911B-83FC-4F74-94BB-30864248B1DE}.Debug|x64.Build.0 = Debug|Any CPU
		{8580911B-83FC-4F74-94BB-30864248B1DE}.Debug|x86.ActiveCfg = Debug|Any CPU
		{8580911B-83FC-4F74-94BB-30864248B1DE}.Debug|x86.Build.0 = Debug|Any CPU
		{8580911B-83FC-4F74-94BB-30864248B1DE}.Release|Any CPU.ActiveCfg = Release|Any CPU
		{8580911B-83FC-4F74-94BB-30864248B1DE}.Release|Any CPU.Build.0 = Release|Any CPU
		{8580911B-83FC-4F74-94BB-30864248B1DE}.Release|x64.ActiveCfg = Release|Any CPU
		{8580911B-83FC-4F74-94BB-30864248B1DE}.Release|x64.Build.0 = Release|Any CPU
		{8580911B-83FC-4F74-94BB-30864248B1DE}.Release|x86.ActiveCfg = Release|Any CPU
		{8580911B-83FC-4F74-94BB-30864248B1DE}.Release|x86.Build.0 = Release|Any CPU
		{522DA1CE-058C-4C48-8328-570B9BF4AE89}.Debug|Any CPU.ActiveCfg = Debug|Any CPU
		{522DA1CE-058C-4C48-8328-570B9BF4AE89}.Debug|Any CPU.Build.0 = Debug|Any CPU
		{522DA1CE-058C-4C48-8328-570B9BF4AE89}.Debug|x64.ActiveCfg = Debug|Any CPU
		{522DA1CE-058C-4C48-8328-570B9BF4AE89}.Debug|x64.Build.0 = Debug|Any CPU
		{522DA1CE-058C-4C48-8328-570B9BF4AE89}.Debug|x86.ActiveCfg = Debug|Any CPU
		{522DA1CE-058C-4C48-8328-570B9BF4AE89}.Debug|x86.Build.0 = Debug|Any CPU
		{522DA1CE-058C-4C48-8328-570B9BF4AE89}.Release|Any CPU.ActiveCfg = Release|Any CPU
		{522DA1CE-058C-4C48-8328-570B9BF4AE89}.Release|Any CPU.Build.0 = Release|Any CPU
		{522DA1CE-058C-4C48-8328-570B9BF4AE89}.Release|x64.ActiveCfg = Release|Any CPU
		{522DA1CE-058C-4C48-8328-570B9BF4AE89}.Release|x64.Build.0 = Release|Any CPU
		{522DA1CE-058C-4C48-8328-570B9BF4AE89}.Release|x86.ActiveCfg = Release|Any CPU
		{522DA1CE-058C-4C48-8328-570B9BF4AE89}.Release|x86.Build.0 = Release|Any CPU
	EndGlobalSection
	GlobalSection(SolutionProperties) = preSolution
		HideSolutionNode = FALSE
	EndGlobalSection
	GlobalSection(ExtensibilityGlobals) = postSolution
		SolutionGuid = {F12653B6-45C4-44FB-9AAF-6D07F2B5382A}
	EndGlobalSection
EndGlobal
